// !$*UTF8*$!
{
	archiveVersion = 1;
	classes = {
	};
	objectVersion = 50;
	objects = {

/* Begin PBXBuildFile section */
		B7118E71225FC8DF0015A99A /* AppDelegate.swift in Sources */ = {isa = PBXBuildFile; fileRef = B7118E70225FC8DF0015A99A /* AppDelegate.swift */; };
		B7118E73225FC8DF0015A99A /* ViewController.swift in Sources */ = {isa = PBXBuildFile; fileRef = B7118E72225FC8DF0015A99A /* ViewController.swift */; };
		B7118E76225FC8DF0015A99A /* Main.storyboard in Resources */ = {isa = PBXBuildFile; fileRef = B7118E74225FC8DF0015A99A /* Main.storyboard */; };
		B7118E78225FC8E10015A99A /* Assets.xcassets in Resources */ = {isa = PBXBuildFile; fileRef = B7118E77225FC8E10015A99A /* Assets.xcassets */; };
		B7118E7B225FC8E10015A99A /* LaunchScreen.storyboard in Resources */ = {isa = PBXBuildFile; fileRef = B7118E79225FC8E10015A99A /* LaunchScreen.storyboard */; };
		B7118E86225FC8E10015A99A /* UTSubletsTests.swift in Sources */ = {isa = PBXBuildFile; fileRef = B7118E85225FC8E10015A99A /* UTSubletsTests.swift */; };
		B7118E91225FC8E10015A99A /* UTSubletsUITests.swift in Sources */ = {isa = PBXBuildFile; fileRef = B7118E90225FC8E10015A99A /* UTSubletsUITests.swift */; };
/* End PBXBuildFile section */

/* Begin PBXContainerItemProxy section */
		B7118E82225FC8E10015A99A /* PBXContainerItemProxy */ = {
			isa = PBXContainerItemProxy;
			containerPortal = B7118E65225FC8DF0015A99A /* Project object */;
			proxyType = 1;
			remoteGlobalIDString = B7118E6C225FC8DF0015A99A;
			remoteInfo = UTSublets;
		};
		B7118E8D225FC8E10015A99A /* PBXContainerItemProxy */ = {
			isa = PBXContainerItemProxy;
			containerPortal = B7118E65225FC8DF0015A99A /* Project object */;
			proxyType = 1;
			remoteGlobalIDString = B7118E6C225FC8DF0015A99A;
			remoteInfo = UTSublets;
		};
/* End PBXContainerItemProxy section */

/* Begin PBXFileReference section */
		B7118E6D225FC8DF0015A99A /* UTSublets.app */ = {isa = PBXFileReference; explicitFileType = wrapper.application; includeInIndex = 0; path = UTSublets.app; sourceTree = BUILT_PRODUCTS_DIR; };
		B7118E70225FC8DF0015A99A /* AppDelegate.swift */ = {isa = PBXFileReference; lastKnownFileType = sourcecode.swift; path = AppDelegate.swift; sourceTree = "<group>"; };
		B7118E72225FC8DF0015A99A /* ViewController.swift */ = {isa = PBXFileReference; lastKnownFileType = sourcecode.swift; path = ViewController.swift; sourceTree = "<group>"; };
		B7118E75225FC8DF0015A99A /* Base */ = {isa = PBXFileReference; lastKnownFileType = file.storyboard; name = Base; path = Base.lproj/Main.storyboard; sourceTree = "<group>"; };
		B7118E77225FC8E10015A99A /* Assets.xcassets */ = {isa = PBXFileReference; lastKnownFileType = folder.assetcatalog; path = Assets.xcassets; sourceTree = "<group>"; };
		B7118E7A225FC8E10015A99A /* Base */ = {isa = PBXFileReference; lastKnownFileType = file.storyboard; name = Base; path = Base.lproj/LaunchScreen.storyboard; sourceTree = "<group>"; };
		B7118E7C225FC8E10015A99A /* Info.plist */ = {isa = PBXFileReference; lastKnownFileType = text.plist.xml; path = Info.plist; sourceTree = "<group>"; };
		B7118E81225FC8E10015A99A /* UTSubletsTests.xctest */ = {isa = PBXFileReference; explicitFileType = wrapper.cfbundle; includeInIndex = 0; path = UTSubletsTests.xctest; sourceTree = BUILT_PRODUCTS_DIR; };
		B7118E85225FC8E10015A99A /* UTSubletsTests.swift */ = {isa = PBXFileReference; lastKnownFileType = sourcecode.swift; path = UTSubletsTests.swift; sourceTree = "<group>"; };
		B7118E87225FC8E10015A99A /* Info.plist */ = {isa = PBXFileReference; lastKnownFileType = text.plist.xml; path = Info.plist; sourceTree = "<group>"; };
		B7118E8C225FC8E10015A99A /* UTSubletsUITests.xctest */ = {isa = PBXFileReference; explicitFileType = wrapper.cfbundle; includeInIndex = 0; path = UTSubletsUITests.xctest; sourceTree = BUILT_PRODUCTS_DIR; };
		B7118E90225FC8E10015A99A /* UTSubletsUITests.swift */ = {isa = PBXFileReference; lastKnownFileType = sourcecode.swift; path = UTSubletsUITests.swift; sourceTree = "<group>"; };
		B7118E92225FC8E10015A99A /* Info.plist */ = {isa = PBXFileReference; lastKnownFileType = text.plist.xml; path = Info.plist; sourceTree = "<group>"; };
/* End PBXFileReference section */

/* Begin PBXFrameworksBuildPhase section */
		B7118E6A225FC8DF0015A99A /* Frameworks */ = {
			isa = PBXFrameworksBuildPhase;
			buildActionMask = 2147483647;
			files = (
			);
			runOnlyForDeploymentPostprocessing = 0;
		};
		B7118E7E225FC8E10015A99A /* Frameworks */ = {
			isa = PBXFrameworksBuildPhase;
			buildActionMask = 2147483647;
			files = (
			);
			runOnlyForDeploymentPostprocessing = 0;
		};
		B7118E89225FC8E10015A99A /* Frameworks */ = {
			isa = PBXFrameworksBuildPhase;
			buildActionMask = 2147483647;
			files = (
			);
			runOnlyForDeploymentPostprocessing = 0;
		};
/* End PBXFrameworksBuildPhase section */

/* Begin PBXGroup section */
		B7118E64225FC8DF0015A99A = {
			isa = PBXGroup;
			children = (
				B7118E6F225FC8DF0015A99A /* UTSublets */,
				B7118E84225FC8E10015A99A /* UTSubletsTests */,
				B7118E8F225FC8E10015A99A /* UTSubletsUITests */,
				B7118E6E225FC8DF0015A99A /* Products */,
			);
			sourceTree = "<group>";
		};
		B7118E6E225FC8DF0015A99A /* Products */ = {
			isa = PBXGroup;
			children = (
				B7118E6D225FC8DF0015A99A /* UTSublets.app */,
				B7118E81225FC8E10015A99A /* UTSubletsTests.xctest */,
				B7118E8C225FC8E10015A99A /* UTSubletsUITests.xctest */,
			);
			name = Products;
			sourceTree = "<group>";
		};
		B7118E6F225FC8DF0015A99A /* UTSublets */ = {
			isa = PBXGroup;
			children = (
				B7118E70225FC8DF0015A99A /* AppDelegate.swift */,
				B7118E72225FC8DF0015A99A /* ViewController.swift */,
				B7118E74225FC8DF0015A99A /* Main.storyboard */,
				B7118E77225FC8E10015A99A /* Assets.xcassets */,
				B7118E79225FC8E10015A99A /* LaunchScreen.storyboard */,
				B7118E7C225FC8E10015A99A /* Info.plist */,
			);
			path = UTSublets;
			sourceTree = "<group>";
		};
		B7118E84225FC8E10015A99A /* UTSubletsTests */ = {
			isa = PBXGroup;
			children = (
				B7118E85225FC8E10015A99A /* UTSubletsTests.swift */,
				B7118E87225FC8E10015A99A /* Info.plist */,
			);
			path = UTSubletsTests;
			sourceTree = "<group>";
		};
		B7118E8F225FC8E10015A99A /* UTSubletsUITests */ = {
			isa = PBXGroup;
			children = (
				B7118E90225FC8E10015A99A /* UTSubletsUITests.swift */,
				B7118E92225FC8E10015A99A /* Info.plist */,
			);
			path = UTSubletsUITests;
			sourceTree = "<group>";
		};
/* End PBXGroup section */

/* Begin PBXNativeTarget section */
		B7118E6C225FC8DF0015A99A /* UTSublets */ = {
			isa = PBXNativeTarget;
			buildConfigurationList = B7118E95225FC8E10015A99A /* Build configuration list for PBXNativeTarget "UTSublets" */;
			buildPhases = (
				B7118E69225FC8DF0015A99A /* Sources */,
				B7118E6A225FC8DF0015A99A /* Frameworks */,
				B7118E6B225FC8DF0015A99A /* Resources */,
			);
			buildRules = (
			);
			dependencies = (
			);
			name = UTSublets;
			productName = UTSublets;
			productReference = B7118E6D225FC8DF0015A99A /* UTSublets.app */;
			productType = "com.apple.product-type.application";
		};
		B7118E80225FC8E10015A99A /* UTSubletsTests */ = {
			isa = PBXNativeTarget;
			buildConfigurationList = B7118E98225FC8E10015A99A /* Build configuration list for PBXNativeTarget "UTSubletsTests" */;
			buildPhases = (
				B7118E7D225FC8E10015A99A /* Sources */,
				B7118E7E225FC8E10015A99A /* Frameworks */,
				B7118E7F225FC8E10015A99A /* Resources */,
			);
			buildRules = (
			);
			dependencies = (
				B7118E83225FC8E10015A99A /* PBXTargetDependency */,
			);
			name = UTSubletsTests;
			productName = UTSubletsTests;
			productReference = B7118E81225FC8E10015A99A /* UTSubletsTests.xctest */;
			productType = "com.apple.product-type.bundle.unit-test";
		};
		B7118E8B225FC8E10015A99A /* UTSubletsUITests */ = {
			isa = PBXNativeTarget;
			buildConfigurationList = B7118E9B225FC8E10015A99A /* Build configuration list for PBXNativeTarget "UTSubletsUITests" */;
			buildPhases = (
				B7118E88225FC8E10015A99A /* Sources */,
				B7118E89225FC8E10015A99A /* Frameworks */,
				B7118E8A225FC8E10015A99A /* Resources */,
			);
			buildRules = (
			);
			dependencies = (
				B7118E8E225FC8E10015A99A /* PBXTargetDependency */,
			);
			name = UTSubletsUITests;
			productName = UTSubletsUITests;
			productReference = B7118E8C225FC8E10015A99A /* UTSubletsUITests.xctest */;
			productType = "com.apple.product-type.bundle.ui-testing";
		};
/* End PBXNativeTarget section */

/* Begin PBXProject section */
		B7118E65225FC8DF0015A99A /* Project object */ = {
			isa = PBXProject;
			attributes = {
				LastSwiftUpdateCheck = 1020;
				LastUpgradeCheck = 1020;
				ORGANIZATIONNAME = "Will Xu ";
				TargetAttributes = {
					B7118E6C225FC8DF0015A99A = {
						CreatedOnToolsVersion = 10.2;
					};
					B7118E80225FC8E10015A99A = {
						CreatedOnToolsVersion = 10.2;
						TestTargetID = B7118E6C225FC8DF0015A99A;
					};
					B7118E8B225FC8E10015A99A = {
						CreatedOnToolsVersion = 10.2;
						TestTargetID = B7118E6C225FC8DF0015A99A;
					};
				};
			};
			buildConfigurationList = B7118E68225FC8DF0015A99A /* Build configuration list for PBXProject "UTSublets" */;
			compatibilityVersion = "Xcode 9.3";
			developmentRegion = en;
			hasScannedForEncodings = 0;
			knownRegions = (
				en,
				Base,
			);
			mainGroup = B7118E64225FC8DF0015A99A;
			productRefGroup = B7118E6E225FC8DF0015A99A /* Products */;
			projectDirPath = "";
			projectRoot = "";
			targets = (
				B7118E6C225FC8DF0015A99A /* UTSublets */,
				B7118E80225FC8E10015A99A /* UTSubletsTests */,
				B7118E8B225FC8E10015A99A /* UTSubletsUITests */,
			);
		};
/* End PBXProject section */

/* Begin PBXResourcesBuildPhase section */
		B7118E6B225FC8DF0015A99A /* Resources */ = {
			isa = PBXResourcesBuildPhase;
			buildActionMask = 2147483647;
			files = (
				B7118E7B225FC8E10015A99A /* LaunchScreen.storyboard in Resources */,
				B7118E78225FC8E10015A99A /* Assets.xcassets in Resources */,
				B7118E76225FC8DF0015A99A /* Main.storyboard in Resources */,
			);
			runOnlyForDeploymentPostprocessing = 0;
		};
		B7118E7F225FC8E10015A99A /* Resources */ = {
			isa = PBXResourcesBuildPhase;
			buildActionMask = 2147483647;
			files = (
			);
			runOnlyForDeploymentPostprocessing = 0;
		};
		B7118E8A225FC8E10015A99A /* Resources */ = {
			isa = PBXResourcesBuildPhase;
			buildActionMask = 2147483647;
			files = (
			);
			runOnlyForDeploymentPostprocessing = 0;
		};
/* End PBXResourcesBuildPhase section */

/* Begin PBXSourcesBuildPhase section */
		B7118E69225FC8DF0015A99A /* Sources */ = {
			isa = PBXSourcesBuildPhase;
			buildActionMask = 2147483647;
			files = (
				B7118E73225FC8DF0015A99A /* ViewController.swift in Sources */,
				B7118E71225FC8DF0015A99A /* AppDelegate.swift in Sources */,
			);
			runOnlyForDeploymentPostprocessing = 0;
		};
		B7118E7D225FC8E10015A99A /* Sources */ = {
			isa = PBXSourcesBuildPhase;
			buildActionMask = 2147483647;
			files = (
				B7118E86225FC8E10015A99A /* UTSubletsTests.swift in Sources */,
			);
			runOnlyForDeploymentPostprocessing = 0;
		};
		B7118E88225FC8E10015A99A /* Sources */ = {
			isa = PBXSourcesBuildPhase;
			buildActionMask = 2147483647;
			files = (
				B7118E91225FC8E10015A99A /* UTSubletsUITests.swift in Sources */,
			);
			runOnlyForDeploymentPostprocessing = 0;
		};
/* End PBXSourcesBuildPhase section */

/* Begin PBXTargetDependency section */
		B7118E83225FC8E10015A99A /* PBXTargetDependency */ = {
			isa = PBXTargetDependency;
			target = B7118E6C225FC8DF0015A99A /* UTSublets */;
			targetProxy = B7118E82225FC8E10015A99A /* PBXContainerItemProxy */;
		};
		B7118E8E225FC8E10015A99A /* PBXTargetDependency */ = {
			isa = PBXTargetDependency;
			target = B7118E6C225FC8DF0015A99A /* UTSublets */;
			targetProxy = B7118E8D225FC8E10015A99A /* PBXContainerItemProxy */;
		};
/* End PBXTargetDependency section */

/* Begin PBXVariantGroup section */
		B7118E74225FC8DF0015A99A /* Main.storyboard */ = {
			isa = PBXVariantGroup;
			children = (
				B7118E75225FC8DF0015A99A /* Base */,
			);
			name = Main.storyboard;
			sourceTree = "<group>";
		};
		B7118E79225FC8E10015A99A /* LaunchScreen.storyboard */ = {
			isa = PBXVariantGroup;
			children = (
				B7118E7A225FC8E10015A99A /* Base */,
			);
			name = LaunchScreen.storyboard;
			sourceTree = "<group>";
		};
/* End PBXVariantGroup section */

/* Begin XCBuildConfiguration section */
		B7118E93225FC8E10015A99A /* Debug */ = {
			isa = XCBuildConfiguration;
			buildSettings = {
				ALWAYS_SEARCH_USER_PATHS = NO;
				CLANG_ANALYZER_NONNULL = YES;
				CLANG_ANALYZER_NUMBER_OBJECT_CONVERSION = YES_AGGRESSIVE;
				CLANG_CXX_LANGUAGE_STANDARD = "gnu++14";
				CLANG_CXX_LIBRARY = "libc++";
				CLANG_ENABLE_MODULES = YES;
				CLANG_ENABLE_OBJC_ARC = YES;
				CLANG_ENABLE_OBJC_WEAK = YES;
				CLANG_WARN_BLOCK_CAPTURE_AUTORELEASING = YES;
				CLANG_WARN_BOOL_CONVERSION = YES;
				CLANG_WARN_COMMA = YES;
				CLANG_WARN_CONSTANT_CONVERSION = YES;
				CLANG_WARN_DEPRECATED_OBJC_IMPLEMENTATIONS = YES;
				CLANG_WARN_DIRECT_OBJC_ISA_USAGE = YES_ERROR;
				CLANG_WARN_DOCUMENTATION_COMMENTS = YES;
				CLANG_WARN_EMPTY_BODY = YES;
				CLANG_WARN_ENUM_CONVERSION = YES;
				CLANG_WARN_INFINITE_RECURSION = YES;
				CLANG_WARN_INT_CONVERSION = YES;
				CLANG_WARN_NON_LITERAL_NULL_CONVERSION = YES;
				CLANG_WARN_OBJC_IMPLICIT_RETAIN_SELF = YES;
				CLANG_WARN_OBJC_LITERAL_CONVERSION = YES;
				CLANG_WARN_OBJC_ROOT_CLASS = YES_ERROR;
				CLANG_WARN_RANGE_LOOP_ANALYSIS = YES;
				CLANG_WARN_STRICT_PROTOTYPES = YES;
				CLANG_WARN_SUSPICIOUS_MOVE = YES;
				CLANG_WARN_UNGUARDED_AVAILABILITY = YES_AGGRESSIVE;
				CLANG_WARN_UNREACHABLE_CODE = YES;
				CLANG_WARN__DUPLICATE_METHOD_MATCH = YES;
				CODE_SIGN_IDENTITY = "iPhone Developer";
				COPY_PHASE_STRIP = NO;
				DEBUG_INFORMATION_FORMAT = dwarf;
				ENABLE_STRICT_OBJC_MSGSEND = YES;
				ENABLE_TESTABILITY = YES;
				GCC_C_LANGUAGE_STANDARD = gnu11;
				GCC_DYNAMIC_NO_PIC = NO;
				GCC_NO_COMMON_BLOCKS = YES;
				GCC_OPTIMIZATION_LEVEL = 0;
				GCC_PREPROCESSOR_DEFINITIONS = (
					"DEBUG=1",
					"$(inherited)",
				);
				GCC_WARN_64_TO_32_BIT_CONVERSION = YES;
				GCC_WARN_ABOUT_RETURN_TYPE = YES_ERROR;
				GCC_WARN_UNDECLARED_SELECTOR = YES;
				GCC_WARN_UNINITIALIZED_AUTOS = YES_AGGRESSIVE;
				GCC_WARN_UNUSED_FUNCTION = YES;
				GCC_WARN_UNUSED_VARIABLE = YES;
				IPHONEOS_DEPLOYMENT_TARGET = 12.2;
				MTL_ENABLE_DEBUG_INFO = INCLUDE_SOURCE;
				MTL_FAST_MATH = YES;
				ONLY_ACTIVE_ARCH = YES;
				SDKROOT = iphoneos;
				SWIFT_ACTIVE_COMPILATION_CONDITIONS = DEBUG;
				SWIFT_OPTIMIZATION_LEVEL = "-Onone";
			};
			name = Debug;
		};
		B7118E94225FC8E10015A99A /* Release */ = {
			isa = XCBuildConfiguration;
			buildSettings = {
				ALWAYS_SEARCH_USER_PATHS = NO;
				CLANG_ANALYZER_NONNULL = YES;
				CLANG_ANALYZER_NUMBER_OBJECT_CONVERSION = YES_AGGRESSIVE;
				CLANG_CXX_LANGUAGE_STANDARD = "gnu++14";
				CLANG_CXX_LIBRARY = "libc++";
				CLANG_ENABLE_MODULES = YES;
				CLANG_ENABLE_OBJC_ARC = YES;
				CLANG_ENABLE_OBJC_WEAK = YES;
				CLANG_WARN_BLOCK_CAPTURE_AUTORELEASING = YES;
				CLANG_WARN_BOOL_CONVERSION = YES;
				CLANG_WARN_COMMA = YES;
				CLANG_WARN_CONSTANT_CONVERSION = YES;
				CLANG_WARN_DEPRECATED_OBJC_IMPLEMENTATIONS = YES;
				CLANG_WARN_DIRECT_OBJC_ISA_USAGE = YES_ERROR;
				CLANG_WARN_DOCUMENTATION_COMMENTS = YES;
				CLANG_WARN_EMPTY_BODY = YES;
				CLANG_WARN_ENUM_CONVERSION = YES;
				CLANG_WARN_INFINITE_RECURSION = YES;
				CLANG_WARN_INT_CONVERSION = YES;
				CLANG_WARN_NON_LITERAL_NULL_CONVERSION = YES;
				CLANG_WARN_OBJC_IMPLICIT_RETAIN_SELF = YES;
				CLANG_WARN_OBJC_LITERAL_CONVERSION = YES;
				CLANG_WARN_OBJC_ROOT_CLASS = YES_ERROR;
				CLANG_WARN_RANGE_LOOP_ANALYSIS = YES;
				CLANG_WARN_STRICT_PROTOTYPES = YES;
				CLANG_WARN_SUSPICIOUS_MOVE = YES;
				CLANG_WARN_UNGUARDED_AVAILABILITY = YES_AGGRESSIVE;
				CLANG_WARN_UNREACHABLE_CODE = YES;
				CLANG_WARN__DUPLICATE_METHOD_MATCH = YES;
				CODE_SIGN_IDENTITY = "iPhone Developer";
				COPY_PHASE_STRIP = NO;
				DEBUG_INFORMATION_FORMAT = "dwarf-with-dsym";
				ENABLE_NS_ASSERTIONS = NO;
				ENABLE_STRICT_OBJC_MSGSEND = YES;
				GCC_C_LANGUAGE_STANDARD = gnu11;
				GCC_NO_COMMON_BLOCKS = YES;
				GCC_WARN_64_TO_32_BIT_CONVERSION = YES;
				GCC_WARN_ABOUT_RETURN_TYPE = YES_ERROR;
				GCC_WARN_UNDECLARED_SELECTOR = YES;
				GCC_WARN_UNINITIALIZED_AUTOS = YES_AGGRESSIVE;
				GCC_WARN_UNUSED_FUNCTION = YES;
				GCC_WARN_UNUSED_VARIABLE = YES;
				IPHONEOS_DEPLOYMENT_TARGET = 12.2;
				MTL_ENABLE_DEBUG_INFO = NO;
				MTL_FAST_MATH = YES;
				SDKROOT = iphoneos;
				SWIFT_COMPILATION_MODE = wholemodule;
				SWIFT_OPTIMIZATION_LEVEL = "-O";
				VALIDATE_PRODUCT = YES;
			};
			name = Release;
		};
		B7118E96225FC8E10015A99A /* Debug */ = {
			isa = XCBuildConfiguration;
			buildSettings = {
				ASSETCATALOG_COMPILER_APPICON_NAME = AppIcon;
				CODE_SIGN_STYLE = Automatic;
				DEVELOPMENT_TEAM = 6JP3MMS6QY;
				INFOPLIST_FILE = UTSublets/Info.plist;
				LD_RUNPATH_SEARCH_PATHS = (
					"$(inherited)",
					"@executable_path/Frameworks",
				);
				PRODUCT_BUNDLE_IDENTIFIER = com.williamx98.UTSublets;
				PRODUCT_NAME = "$(TARGET_NAME)";
				SWIFT_VERSION = 5.0;
				TARGETED_DEVICE_FAMILY = "1,2";
			};
			name = Debug;
		};
		B7118E97225FC8E10015A99A /* Release */ = {
			isa = XCBuildConfiguration;
			buildSettings = {
				ASSETCATALOG_COMPILER_APPICON_NAME = AppIcon;
				CODE_SIGN_STYLE = Automatic;
				DEVELOPMENT_TEAM = 6JP3MMS6QY;
				INFOPLIST_FILE = UTSublets/Info.plist;
				LD_RUNPATH_SEARCH_PATHS = (
					"$(inherited)",
					"@executable_path/Frameworks",
				);
				PRODUCT_BUNDLE_IDENTIFIER = com.williamx98.UTSublets;
				PRODUCT_NAME = "$(TARGET_NAME)";
				SWIFT_VERSION = 5.0;
				TARGETED_DEVICE_FAMILY = "1,2";
			};
			name = Release;
		};
		B7118E99225FC8E10015A99A /* Debug */ = {
			isa = XCBuildConfiguration;
			buildSettings = {
				ALWAYS_EMBED_SWIFT_STANDARD_LIBRARIES = YES;
				BUNDLE_LOADER = "$(TEST_HOST)";
				CODE_SIGN_STYLE = Automatic;
				DEVELOPMENT_TEAM = 6JP3MMS6QY;
				INFOPLIST_FILE = UTSubletsTests/Info.plist;
				LD_RUNPATH_SEARCH_PATHS = (
					"$(inherited)",
					"@executable_path/Frameworks",
					"@loader_path/Frameworks",
				);
				PRODUCT_BUNDLE_IDENTIFIER = com.williamx98.UTSubletsTests;
				PRODUCT_NAME = "$(TARGET_NAME)";
				SWIFT_VERSION = 5.0;
				TARGETED_DEVICE_FAMILY = "1,2";
				TEST_HOST = "$(BUILT_PRODUCTS_DIR)/UTSublets.app/UTSublets";
			};
			name = Debug;
		};
		B7118E9A225FC8E10015A99A /* Release */ = {
			isa = XCBuildConfiguration;
			buildSettings = {
				ALWAYS_EMBED_SWIFT_STANDARD_LIBRARIES = YES;
				BUNDLE_LOADER = "$(TEST_HOST)";
				CODE_SIGN_STYLE = Automatic;
				DEVELOPMENT_TEAM = 6JP3MMS6QY;
				INFOPLIST_FILE = UTSubletsTests/Info.plist;
				LD_RUNPATH_SEARCH_PATHS = (
					"$(inherited)",
					"@executable_path/Frameworks",
					"@loader_path/Frameworks",
				);
				PRODUCT_BUNDLE_IDENTIFIER = com.williamx98.UTSubletsTests;
				PRODUCT_NAME = "$(TARGET_NAME)";
				SWIFT_VERSION = 5.0;
				TARGETED_DEVICE_FAMILY = "1,2";
				TEST_HOST = "$(BUILT_PRODUCTS_DIR)/UTSublets.app/UTSublets";
			};
			name = Release;
		};
		B7118E9C225FC8E10015A99A /* Debug */ = {
			isa = XCBuildConfiguration;
			buildSettings = {
				ALWAYS_EMBED_SWIFT_STANDARD_LIBRARIES = YES;
				CODE_SIGN_STYLE = Automatic;
				DEVELOPMENT_TEAM = 6JP3MMS6QY;
				INFOPLIST_FILE = UTSubletsUITests/Info.plist;
				LD_RUNPATH_SEARCH_PATHS = (
					"$(inherited)",
					"@executable_path/Frameworks",
					"@loader_path/Frameworks",
				);
				PRODUCT_BUNDLE_IDENTIFIER = com.williamx98.UTSubletsUITests;
				PRODUCT_NAME = "$(TARGET_NAME)";
				SWIFT_VERSION = 5.0;
				TARGETED_DEVICE_FAMILY = "1,2";
				TEST_TARGET_NAME = UTSublets;
			};
			name = Debug;
		};
		B7118E9D225FC8E10015A99A /* Release */ = {
			isa = XCBuildConfiguration;
			buildSettings = {
				ALWAYS_EMBED_SWIFT_STANDARD_LIBRARIES = YES;
				CODE_SIGN_STYLE = Automatic;
				DEVELOPMENT_TEAM = 6JP3MMS6QY;
				INFOPLIST_FILE = UTSubletsUITests/Info.plist;
				LD_RUNPATH_SEARCH_PATHS = (
					"$(inherited)",
					"@executable_path/Frameworks",
					"@loader_path/Frameworks",
				);
				PRODUCT_BUNDLE_IDENTIFIER = com.williamx98.UTSubletsUITests;
				PRODUCT_NAME = "$(TARGET_NAME)";
				SWIFT_VERSION = 5.0;
				TARGETED_DEVICE_FAMILY = "1,2";
				TEST_TARGET_NAME = UTSublets;
			};
			name = Release;
		};
/* End XCBuildConfiguration section */

/* Begin XCConfigurationList section */
		B7118E68225FC8DF0015A99A /* Build configuration list for PBXProject "UTSublets" */ = {
			isa = XCConfigurationList;
			buildConfigurations = (
				B7118E93225FC8E10015A99A /* Debug */,
				B7118E94225FC8E10015A99A /* Release */,
			);
			defaultConfigurationIsVisible = 0;
			defaultConfigurationName = Release;
		};
		B7118E95225FC8E10015A99A /* Build configuration list for PBXNativeTarget "UTSublets" */ = {
			isa = XCConfigurationList;
			buildConfigurations = (
				B7118E96225FC8E10015A99A /* Debug */,
				B7118E97225FC8E10015A99A /* Release */,
			);
			defaultConfigurationIsVisible = 0;
			defaultConfigurationName = Release;
		};
		B7118E98225FC8E10015A99A /* Build configuration list for PBXNativeTarget "UTSubletsTests" */ = {
			isa = XCConfigurationList;
			buildConfigurations = (
				B7118E99225FC8E10015A99A /* Debug */,
				B7118E9A225FC8E10015A99A /* Release */,
			);
			defaultConfigurationIsVisible = 0;
			defaultConfigurationName = Release;
		};
		B7118E9B225FC8E10015A99A /* Build configuration list for PBXNativeTarget "UTSubletsUITests" */ = {
			isa = XCConfigurationList;
			buildConfigurations = (
				B7118E9C225FC8E10015A99A /* Debug */,
				B7118E9D225FC8E10015A99A /* Release */,
			);
			defaultConfigurationIsVisible = 0;
			defaultConfigurationName = Release;
		};
/* End XCConfigurationList section */
	};
	rootObject = B7118E65225FC8DF0015A99A /* Project object */;
}
